
Microsoft Visual Studio Solution File, Format Version 12.00
# Visual Studio Version 17
VisualStudioVersion = 17.5.33530.505
MinimumVisualStudioVersion = 10.0.40219.1
Project("{2150E333-8FDC-42A3-9474-1A3956D46DE8}") = "src", "src", "{DEE2857E-44FC-4B6A-AE5D-70920DB06379}"
EndProject
Project("{2150E333-8FDC-42A3-9474-1A3956D46DE8}") = "01-Domain", "01-Domain", "{D0EFA966-9064-49D8-A69C-C517783D9B37}"
EndProject
Project("{2150E333-8FDC-42A3-9474-1A3956D46DE8}") = "02-Infrastructures", "02-Infrastructures", "{EBBCE0F7-FDBF-4958-9C4D-505517EDA24D}"
EndProject
Project("{2150E333-8FDC-42A3-9474-1A3956D46DE8}") = "03-Endpoints", "03-Endpoints", "{7794E3BC-E7BF-4AB4-91D9-CB2BDAD9118B}"
EndProject
Project("{2150E333-8FDC-42A3-9474-1A3956D46DE8}") = "core", "core", "{0593C0DE-3854-4BE2-9657-D1C429DA9D9B}"
EndProject
Project("{2150E333-8FDC-42A3-9474-1A3956D46DE8}") = "Services", "Services", "{8BF13D5B-2F23-41F6-AF1F-1AAA8EAC7484}"
EndProject
Project("{9A19103F-16F7-4668-BE54-9A1E7A4F7556}") = "App.Domain.Core", "App.Domain.Core\App.Domain.Core.csproj", "{8E68EBA9-D989-45ED-8A90-FD85B6432000}"
EndProject
Project("{9A19103F-16F7-4668-BE54-9A1E7A4F7556}") = "App.Domain.Service", "App.Domain.AppService\App.Domain.Service.csproj", "{A751FE22-D2A7-4ECA-9316-6A57D30ABD9E}"
EndProject
Project("{9A19103F-16F7-4668-BE54-9A1E7A4F7556}") = "App.Infrastructures.Data.Repositories", "App.Infrastructures.Data.Repositories\App.Infrastructures.Data.Repositories.csproj", "{72F3F7AF-DB3A-413E-B1C0-19DC76C07DEC}"
EndProject
Project("{9A19103F-16F7-4668-BE54-9A1E7A4F7556}") = "App.Infrastructures.Db.SqlServer.Ef", "App.Infrastructures.Db.SqlServer.Ef\App.Infrastructures.Db.SqlServer.Ef.csproj", "{ED7A5FBB-A109-481D-BB89-8DAEE86B3163}"
EndProject
Project("{9A19103F-16F7-4668-BE54-9A1E7A4F7556}") = "App.EndPoints.DokanNetUI", "App.EndPoints.DokanNetUI\App.EndPoints.DokanNetUI.csproj", "{20A0ECE0-5B65-49ED-A368-456893D0FEE4}"
EndProject
Global
	GlobalSection(SolutionConfigurationPlatforms) = preSolution
		Debug|Any CPU = Debug|Any CPU
		Release|Any CPU = Release|Any CPU
	EndGlobalSection
	GlobalSection(ProjectConfigurationPlatforms) = postSolution
		{8E68EBA9-D989-45ED-8A90-FD85B6432000}.Debug|Any CPU.ActiveCfg = Debug|Any CPU
		{8E68EBA9-D989-45ED-8A90-FD85B6432000}.Debug|Any CPU.Build.0 = Debug|Any CPU
		{8E68EBA9-D989-45ED-8A90-FD85B6432000}.Release|Any CPU.ActiveCfg = Release|Any CPU
		{8E68EBA9-D989-45ED-8A90-FD85B6432000}.Release|Any CPU.Build.0 = Release|Any CPU
		{A751FE22-D2A7-4ECA-9316-6A57D30ABD9E}.Debug|Any CPU.ActiveCfg = Debug|Any CPU
		{A751FE22-D2A7-4ECA-9316-6A57D30ABD9E}.Debug|Any CPU.Build.0 = Debug|Any CPU
		{A751FE22-D2A7-4ECA-9316-6A57D30ABD9E}.Release|Any CPU.ActiveCfg = Release|Any CPU
		{A751FE22-D2A7-4ECA-9316-6A57D30ABD9E}.Release|Any CPU.Build.0 = Release|Any CPU
		{72F3F7AF-DB3A-413E-B1C0-19DC76C07DEC}.Debug|Any CPU.ActiveCfg = Debug|Any CPU
		{72F3F7AF-DB3A-413E-B1C0-19DC76C07DEC}.Debug|Any CPU.Build.0 = Debug|Any CPU
		{72F3F7AF-DB3A-413E-B1C0-19DC76C07DEC}.Release|Any CPU.ActiveCfg = Release|Any CPU
		{72F3F7AF-DB3A-413E-B1C0-19DC76C07DEC}.Release|Any CPU.Build.0 = Release|Any CPU
		{ED7A5FBB-A109-481D-BB89-8DAEE86B3163}.Debug|Any CPU.ActiveCfg = Debug|Any CPU
		{ED7A5FBB-A109-481D-BB89-8DAEE86B3163}.Debug|Any CPU.Build.0 = Debug|Any CPU
		{ED7A5FBB-A109-481D-BB89-8DAEE86B3163}.Release|Any CPU.ActiveCfg = Release|Any CPU
		{ED7A5FBB-A109-481D-BB89-8DAEE86B3163}.Release|Any CPU.Build.0 = Release|Any CPU
		{20A0ECE0-5B65-49ED-A368-456893D0FEE4}.Debug|Any CPU.ActiveCfg = Debug|Any CPU
		{20A0ECE0-5B65-49ED-A368-456893D0FEE4}.Debug|Any CPU.Build.0 = Debug|Any CPU
		{20A0ECE0-5B65-49ED-A368-456893D0FEE4}.Release|Any CPU.ActiveCfg = Release|Any CPU
		{20A0ECE0-5B65-49ED-A368-456893D0FEE4}.Release|Any CPU.Build.0 = Release|Any CPU
	EndGlobalSection
	GlobalSection(SolutionProperties) = preSolution
		HideSolutionNode = FALSE
	EndGlobalSection
	GlobalSection(NestedProjects) = preSolution
		{D0EFA966-9064-49D8-A69C-C517783D9B37} = {DEE2857E-44FC-4B6A-AE5D-70920DB06379}
		{EBBCE0F7-FDBF-4958-9C4D-505517EDA24D} = {DEE2857E-44FC-4B6A-AE5D-70920DB06379}
		{7794E3BC-E7BF-4AB4-91D9-CB2BDAD9118B} = {DEE2857E-44FC-4B6A-AE5D-70920DB06379}
		{0593C0DE-3854-4BE2-9657-D1C429DA9D9B} = {D0EFA966-9064-49D8-A69C-C517783D9B37}
		{8BF13D5B-2F23-41F6-AF1F-1AAA8EAC7484} = {D0EFA966-9064-49D8-A69C-C517783D9B37}
		{8E68EBA9-D989-45ED-8A90-FD85B6432000} = {0593C0DE-3854-4BE2-9657-D1C429DA9D9B}
		{A751FE22-D2A7-4ECA-9316-6A57D30ABD9E} = {8BF13D5B-2F23-41F6-AF1F-1AAA8EAC7484}
		{72F3F7AF-DB3A-413E-B1C0-19DC76C07DEC} = {EBBCE0F7-FDBF-4958-9C4D-505517EDA24D}
		{ED7A5FBB-A109-481D-BB89-8DAEE86B3163} = {EBBCE0F7-FDBF-4958-9C4D-505517EDA24D}
		{20A0ECE0-5B65-49ED-A368-456893D0FEE4} = {7794E3BC-E7BF-4AB4-91D9-CB2BDAD9118B}
	EndGlobalSection
	GlobalSection(ExtensibilityGlobals) = postSolution
		SolutionGuid = {73E3FE74-5C5B-4B0F-B5AC-ABC40F5D2BD7}
	EndGlobalSection
EndGlobal
